
Microsoft Visual Studio Solution File, Format Version 12.00
# Visual Studio Version 17
VisualStudioVersion = 17.8.34316.72
MinimumVisualStudioVersion = 10.0.40219.1
Project("{FAE04EC0-301F-11D3-BF4B-00C04F79EFBC}") = "HXQ.DoAn.MVC", "HXQ.DoAn.MVC\HXQ.DoAn.MVC.csproj", "{1C6B70E1-BE92-4E8E-8B75-AE9205141C5A}"
EndProject
Project("{FAE04EC0-301F-11D3-BF4B-00C04F79EFBC}") = "HXQ.DoAn.Data", "HXQ.DoAn.Data\HXQ.DoAn.Data.csproj", "{02FD23BF-7C90-47FD-A1CE-4D168C315407}"
EndProject
Global
	GlobalSection(SolutionConfigurationPlatforms) = preSolution
		Debug|Any CPU = Debug|Any CPU
		Release|Any CPU = Release|Any CPU
	EndGlobalSection
	GlobalSection(ProjectConfigurationPlatforms) = postSolution
		{1C6B70E1-BE92-4E8E-8B75-AE9205141C5A}.Debug|Any CPU.ActiveCfg = Debug|Any CPU
		{1C6B70E1-BE92-4E8E-8B75-AE9205141C5A}.Debug|Any CPU.Build.0 = Debug|Any CPU
		{1C6B70E1-BE92-4E8E-8B75-AE9205141C5A}.Release|Any CPU.ActiveCfg = Release|Any CPU
		{1C6B70E1-BE92-4E8E-8B75-AE9205141C5A}.Release|Any CPU.Build.0 = Release|Any CPU
		{02FD23BF-7C90-47FD-A1CE-4D168C315407}.Debug|Any CPU.ActiveCfg = Debug|Any CPU
		{02FD23BF-7C90-47FD-A1CE-4D168C315407}.Debug|Any CPU.Build.0 = Debug|Any CPU
		{02FD23BF-7C90-47FD-A1CE-4D168C315407}.Release|Any CPU.ActiveCfg = Release|Any CPU
		{02FD23BF-7C90-47FD-A1CE-4D168C315407}.Release|Any CPU.Build.0 = Release|Any CPU
	EndGlobalSection
	GlobalSection(SolutionProperties) = preSolution
		HideSolutionNode = FALSE
	EndGlobalSection
	GlobalSection(ExtensibilityGlobals) = postSolution
		SolutionGuid = {66CB929F-C6A2-4F39-9B04-0606F6201B55}
	EndGlobalSection
EndGlobal
